
Microsoft Visual Studio Solution File, Format Version 12.00
# Visual Studio Version 17
VisualStudioVersion = 17.7.34202.233
MinimumVisualStudioVersion = 10.0.40219.1
Project("{9A19103F-16F7-4668-BE54-9A1E7A4F7556}") = "FeatureData", "FeatureData.csproj", "{B02B5424-7075-43F1-A712-41CED134D796}"
EndProject
Project("{9A19103F-16F7-4668-BE54-9A1E7A4F7556}") = "FeatureLibrary", "..\FeatureLibrary\FeatureLibrary.csproj", "{49992AB5-755C-4233-86AD-FA93EFBEA034}"
EndProject
Project("{9A19103F-16F7-4668-BE54-9A1E7A4F7556}") = "FeatureControllerTest", "..\FeatureControllerTest\FeatureControllerTest.csproj", "{A9C74973-E160-4C18-8EA7-20B1F384D499}"
EndProject
Global
	GlobalSection(SolutionConfigurationPlatforms) = preSolution
		Debug|Any CPU = Debug|Any CPU
		Release|Any CPU = Release|Any CPU
	EndGlobalSection
	GlobalSection(ProjectConfigurationPlatforms) = postSolution
		{B02B5424-7075-43F1-A712-41CED134D796}.Debug|Any CPU.ActiveCfg = Debug|Any CPU
		{B02B5424-7075-43F1-A712-41CED134D796}.Debug|Any CPU.Build.0 = Debug|Any CPU
		{B02B5424-7075-43F1-A712-41CED134D796}.Release|Any CPU.ActiveCfg = Release|Any CPU
		{B02B5424-7075-43F1-A712-41CED134D796}.Release|Any CPU.Build.0 = Release|Any CPU
		{49992AB5-755C-4233-86AD-FA93EFBEA034}.Debug|Any CPU.ActiveCfg = Debug|Any CPU
		{49992AB5-755C-4233-86AD-FA93EFBEA034}.Debug|Any CPU.Build.0 = Debug|Any CPU
		{49992AB5-755C-4233-86AD-FA93EFBEA034}.Release|Any CPU.ActiveCfg = Release|Any CPU
		{49992AB5-755C-4233-86AD-FA93EFBEA034}.Release|Any CPU.Build.0 = Release|Any CPU
		{A9C74973-E160-4C18-8EA7-20B1F384D499}.Debug|Any CPU.ActiveCfg = Debug|Any CPU
		{A9C74973-E160-4C18-8EA7-20B1F384D499}.Debug|Any CPU.Build.0 = Debug|Any CPU
		{A9C74973-E160-4C18-8EA7-20B1F384D499}.Release|Any CPU.ActiveCfg = Release|Any CPU
		{A9C74973-E160-4C18-8EA7-20B1F384D499}.Release|Any CPU.Build.0 = Release|Any CPU
	EndGlobalSection
	GlobalSection(SolutionProperties) = preSolution
		HideSolutionNode = FALSE
	EndGlobalSection
	GlobalSection(ExtensibilityGlobals) = postSolution
		SolutionGuid = {84AA9AB7-AED7-4A4C-A99F-56D27FF99753}
	EndGlobalSection
EndGlobal
